
Microsoft Visual Studio Solution File, Format Version 12.00
# Visual Studio Version 16
VisualStudioVersion = 16.0.31402.337
MinimumVisualStudioVersion = 10.0.40219.1
Project("{FAE04EC0-301F-11D3-BF4B-00C04F79EFBC}") = "WpfApp7", "WpfApp7\WpfApp7.csproj", "{01F7FA51-71F2-4774-ACD4-80C20E50E175}"
EndProject
Project("{FAE04EC0-301F-11D3-BF4B-00C04F79EFBC}") = "LU", "LU\LU.csproj", "{BF0A1BEE-D5A4-426B-BA57-72EDEC7ECCA8}"
EndProject
Project("{FAE04EC0-301F-11D3-BF4B-00C04F79EFBC}") = "UnitTest", "UnitTest\UnitTest.csproj", "{701C191E-6DF8-4694-81B7-53F0157D7C07}"
EndProject
Project("{FAE04EC0-301F-11D3-BF4B-00C04F79EFBC}") = "KvU", "KvU\KvU.csproj", "{1BFF5E57-C7AA-40F1-A29E-5D6864F7E201}"
EndProject
Global
	GlobalSection(SolutionConfigurationPlatforms) = preSolution
		Debug|Any CPU = Debug|Any CPU
		Release|Any CPU = Release|Any CPU
	EndGlobalSection
	GlobalSection(ProjectConfigurationPlatforms) = postSolution
		{01F7FA51-71F2-4774-ACD4-80C20E50E175}.Debug|Any CPU.ActiveCfg = Debug|Any CPU
		{01F7FA51-71F2-4774-ACD4-80C20E50E175}.Debug|Any CPU.Build.0 = Debug|Any CPU
		{01F7FA51-71F2-4774-ACD4-80C20E50E175}.Release|Any CPU.ActiveCfg = Release|Any CPU
		{01F7FA51-71F2-4774-ACD4-80C20E50E175}.Release|Any CPU.Build.0 = Release|Any CPU
		{BF0A1BEE-D5A4-426B-BA57-72EDEC7ECCA8}.Debug|Any CPU.ActiveCfg = Debug|Any CPU
		{BF0A1BEE-D5A4-426B-BA57-72EDEC7ECCA8}.Debug|Any CPU.Build.0 = Debug|Any CPU
		{BF0A1BEE-D5A4-426B-BA57-72EDEC7ECCA8}.Release|Any CPU.ActiveCfg = Release|Any CPU
		{BF0A1BEE-D5A4-426B-BA57-72EDEC7ECCA8}.Release|Any CPU.Build.0 = Release|Any CPU
		{701C191E-6DF8-4694-81B7-53F0157D7C07}.Debug|Any CPU.ActiveCfg = Debug|Any CPU
		{701C191E-6DF8-4694-81B7-53F0157D7C07}.Debug|Any CPU.Build.0 = Debug|Any CPU
		{701C191E-6DF8-4694-81B7-53F0157D7C07}.Release|Any CPU.ActiveCfg = Release|Any CPU
		{701C191E-6DF8-4694-81B7-53F0157D7C07}.Release|Any CPU.Build.0 = Release|Any CPU
		{1BFF5E57-C7AA-40F1-A29E-5D6864F7E201}.Debug|Any CPU.ActiveCfg = Debug|Any CPU
		{1BFF5E57-C7AA-40F1-A29E-5D6864F7E201}.Debug|Any CPU.Build.0 = Debug|Any CPU
		{1BFF5E57-C7AA-40F1-A29E-5D6864F7E201}.Release|Any CPU.ActiveCfg = Release|Any CPU
		{1BFF5E57-C7AA-40F1-A29E-5D6864F7E201}.Release|Any CPU.Build.0 = Release|Any CPU
	EndGlobalSection
	GlobalSection(SolutionProperties) = preSolution
		HideSolutionNode = FALSE
	EndGlobalSection
	GlobalSection(ExtensibilityGlobals) = postSolution
		SolutionGuid = {6FC0E781-9052-4846-9EAC-67A68954B98C}
	EndGlobalSection
EndGlobal
